<Solution>
  <Folder Name="/.github/">
    <File Path="../.github/copilot-instructions.md" />
  </Folder>
  <Configurations>
    <BuildType Name="Release" />
  </Configurations>
  <Project Path="SimplyMoreBridges/SimplyMoreBridges.csproj" />
  <Folder Name="/XML/Patches/">
    <File Path="../Patches/TerrainDefs_Terrain_Special.xml" />
    <File Path="../Patches/TerrainDefs_Terrain_Water.xml" />
  </Folder>
  <Folder Name="/XML/1.6/Defs/Misc/DesignatorDropdownGroupDef/">
    <File Path="../1.6/Defs/Misc/DesignatorDropdownGroupDef/DesignatorDropdownGroupDef.xml" />
  </Folder>
  <Folder Name="/XML/About/">
    <File Path="../About/about.xml" />
  </Folder>
  <Folder Name="/XML/1.6/Defs/TerrainDefs/">
    <File Path="../1.6/Defs/TerrainDefs/Terrain_Special.xml" />
  </Folder>
  <Folder Name="/XML/1.6/Defs/ResearchProjectDefs/">
    <File Path="../1.6/Defs/ResearchProjectDefs/ResearchProjects_Misc.xml" />
  </Folder>
  <Folder Name="/XML/Languages/English/Keyed/">
    <File Path="../Languages/English/Keyed/Keys.xml" />
  </Folder>
  <Folder Name="/XML/1.6/Defs/Misc/TerrainAffordanceDefs/">
    <File Path="../1.6/Defs/Misc/TerrainAffordanceDefs/TerrainAffordances.xml" />
  </Folder>
</Solution>